<Solution>
  <Folder Name="/Solution Items/">
    <File Path="ImplicateX.TinyCLR.Drivers.Decoder.Vs1053.nuspec" />
    <File Path="license.txt" />
    <File Path="README.md" />
  </Folder>
  <Folder Name="/Solution Items/patches/">
    <File Path="patches/Convert-PlgToBinary.ps1" />
    <File Path="patches/Convert-PlgToCSharp.ps1" />
    <File Path="patches/vs1053b-patches-dsd.bin" />
    <File Path="patches/vs1053b-patches-flac-latm.bin" />
    <File Path="patches/vs1053b-patches-flac.bin" />
    <File Path="patches/vs1053b-patches-latm.bin" />
    <File Path="patches/vs1053b-patches-pitch.bin" />
    <File Path="patches/vs1053b-patches.bin" />
    <File Path="patches/vs1053b-patches.pdf" />
    <File Path="patches/vs1053b-patches.txt" />
  </Folder>
  <Project Path="App/App.csproj" Id="cfdf71f1-56e5-400b-a11e-89abf0283429">
    <Deploy />
  </Project>
  <Project Path="Library/Library.csproj" Id="6898551b-ee98-4f02-b3e7-19407bc4e5db" />
</Solution>
